// !$*UTF8*$!
{
	archiveVersion = 1;
	classes = {
	};
	objectVersion = 77;
	objects = {

/* Begin PBXBuildFile section */
		159426C32E070E07001CB8A6 /* iOSApp in Frameworks */ = {isa = PBXBuildFile; productRef = 159426C22E070E07001CB8A6 /* iOSApp */; };
/* End PBXBuildFile section */

/* Begin PBXContainerItemProxy section */
		15ECC2AF2DFD52E3002F9766 /* PBXContainerItemProxy */ = {
			isa = PBXContainerItemProxy;
			containerPortal = 15ECC2992DFD52E1002F9766 /* Project object */;
			proxyType = 1;
			remoteGlobalIDString = 15ECC2A02DFD52E1002F9766;
			remoteInfo = StockApp;
		};
		15ECC2B92DFD52E3002F9766 /* PBXContainerItemProxy */ = {
			isa = PBXContainerItemProxy;
			containerPortal = 15ECC2992DFD52E1002F9766 /* Project object */;
			proxyType = 1;
			remoteGlobalIDString = 15ECC2A02DFD52E1002F9766;
			remoteInfo = StockApp;
		};
/* End PBXContainerItemProxy section */

/* Begin PBXFileReference section */
		155A1A5A2E07021300F2AE26 /* iOSApp */ = {isa = PBXFileReference; lastKnownFileType = wrapper; name = iOSApp; path = ../iOSApp; sourceTree = "<group>"; };
		15ECC2A12DFD52E1002F9766 /* StockApp.app */ = {isa = PBXFileReference; explicitFileType = wrapper.application; includeInIndex = 0; path = StockApp.app; sourceTree = BUILT_PRODUCTS_DIR; };
		15ECC2AE2DFD52E3002F9766 /* StockAppTests.xctest */ = {isa = PBXFileReference; explicitFileType = wrapper.cfbundle; includeInIndex = 0; path = StockAppTests.xctest; sourceTree = BUILT_PRODUCTS_DIR; };
		15ECC2B82DFD52E3002F9766 /* StockAppUITests.xctest */ = {isa = PBXFileReference; explicitFileType = wrapper.cfbundle; includeInIndex = 0; path = StockAppUITests.xctest; sourceTree = BUILT_PRODUCTS_DIR; };
/* End PBXFileReference section */

/* Begin PBXFileSystemSynchronizedBuildFileExceptionSet section */
		1549BE842E0588E100D1EFC5 /* Exceptions for "StockApp" folder in "StockApp" target */ = {
			isa = PBXFileSystemSynchronizedBuildFileExceptionSet;
			membershipExceptions = (
				Info.plist,
			);
			target = 15ECC2A02DFD52E1002F9766 /* StockApp */;
		};
/* End PBXFileSystemSynchronizedBuildFileExceptionSet section */

/* Begin PBXFileSystemSynchronizedRootGroup section */
		15ECC2A32DFD52E1002F9766 /* StockApp */ = {
			isa = PBXFileSystemSynchronizedRootGroup;
			exceptions = (
				1549BE842E0588E100D1EFC5 /* Exceptions for "StockApp" folder in "StockApp" target */,
			);
			path = StockApp;
			sourceTree = "<group>";
		};
		15ECC2B12DFD52E3002F9766 /* StockAppTests */ = {
			isa = PBXFileSystemSynchronizedRootGroup;
			path = StockAppTests;
			sourceTree = "<group>";
		};
		15ECC2BB2DFD52E3002F9766 /* StockAppUITests */ = {
			isa = PBXFileSystemSynchronizedRootGroup;
			path = StockAppUITests;
			sourceTree = "<group>";
		};
/* End PBXFileSystemSynchronizedRootGroup section */

/* Begin PBXFrameworksBuildPhase section */
		15ECC29E2DFD52E1002F9766 /* Frameworks */ = {
			isa = PBXFrameworksBuildPhase;
			buildActionMask = 2147483647;
			files = (
				159426C32E070E07001CB8A6 /* iOSApp in Frameworks */,
			);
			runOnlyForDeploymentPostprocessing = 0;
		};
		15ECC2AB2DFD52E3002F9766 /* Frameworks */ = {
			isa = PBXFrameworksBuildPhase;
			buildActionMask = 2147483647;
			files = (
			);
			runOnlyForDeploymentPostprocessing = 0;
		};
		15ECC2B52DFD52E3002F9766 /* Frameworks */ = {
			isa = PBXFrameworksBuildPhase;
			buildActionMask = 2147483647;
			files = (
			);
			runOnlyForDeploymentPostprocessing = 0;
		};
/* End PBXFrameworksBuildPhase section */

/* Begin PBXGroup section */
		15ECC2982DFD52E1002F9766 = {
			isa = PBXGroup;
			children = (
				15ECC2A32DFD52E1002F9766 /* StockApp */,
				15ECC2B12DFD52E3002F9766 /* StockAppTests */,
				15ECC2BB2DFD52E3002F9766 /* StockAppUITests */,
				15ECC2CD2DFD55FD002F9766 /* Frameworks */,
				15ECC2A22DFD52E1002F9766 /* Products */,
			);
			sourceTree = "<group>";
		};
		15ECC2A22DFD52E1002F9766 /* Products */ = {
			isa = PBXGroup;
			children = (
				15ECC2A12DFD52E1002F9766 /* StockApp.app */,
				15ECC2AE2DFD52E3002F9766 /* StockAppTests.xctest */,
				15ECC2B82DFD52E3002F9766 /* StockAppUITests.xctest */,
			);
			name = Products;
			sourceTree = "<group>";
		};
		15ECC2CD2DFD55FD002F9766 /* Frameworks */ = {
			isa = PBXGroup;
			children = (
				155A1A5A2E07021300F2AE26 /* iOSApp */,
			);
			name = Frameworks;
			sourceTree = "<group>";
		};
/* End PBXGroup section */

/* Begin PBXNativeTarget section */
		15ECC2A02DFD52E1002F9766 /* StockApp */ = {
			isa = PBXNativeTarget;
			buildConfigurationList = 15ECC2C22DFD52E3002F9766 /* Build configuration list for PBXNativeTarget "StockApp" */;
			buildPhases = (
				15ECC29D2DFD52E1002F9766 /* Sources */,
				15ECC29E2DFD52E1002F9766 /* Frameworks */,
				15ECC29F2DFD52E1002F9766 /* Resources */,
			);
			buildRules = (
			);
			dependencies = (
			);
			fileSystemSynchronizedGroups = (
				15ECC2A32DFD52E1002F9766 /* StockApp */,
			);
			name = StockApp;
			packageProductDependencies = (
				159426C22E070E07001CB8A6 /* iOSApp */,
			);
			productName = StockApp;
			productReference = 15ECC2A12DFD52E1002F9766 /* StockApp.app */;
			productType = "com.apple.product-type.application";
		};
		15ECC2AD2DFD52E3002F9766 /* StockAppTests */ = {
			isa = PBXNativeTarget;
			buildConfigurationList = 15ECC2C52DFD52E3002F9766 /* Build configuration list for PBXNativeTarget "StockAppTests" */;
			buildPhases = (
				15ECC2AA2DFD52E3002F9766 /* Sources */,
				15ECC2AB2DFD52E3002F9766 /* Frameworks */,
				15ECC2AC2DFD52E3002F9766 /* Resources */,
			);
			buildRules = (
			);
			dependencies = (
				15ECC2B02DFD52E3002F9766 /* PBXTargetDependency */,
			);
			fileSystemSynchronizedGroups = (
				15ECC2B12DFD52E3002F9766 /* StockAppTests */,
			);
			name = StockAppTests;
			packageProductDependencies = (
			);
			productName = StockAppTests;
			productReference = 15ECC2AE2DFD52E3002F9766 /* StockAppTests.xctest */;
			productType = "com.apple.product-type.bundle.unit-test";
		};
		15ECC2B72DFD52E3002F9766 /* StockAppUITests */ = {
			isa = PBXNativeTarget;
			buildConfigurationList = 15ECC2C82DFD52E3002F9766 /* Build configuration list for PBXNativeTarget "StockAppUITests" */;
			buildPhases = (
				15ECC2B42DFD52E3002F9766 /* Sources */,
				15ECC2B52DFD52E3002F9766 /* Frameworks */,
				15ECC2B62DFD52E3002F9766 /* Resources */,
			);
			buildRules = (
			);
			dependencies = (
				15ECC2BA2DFD52E3002F9766 /* PBXTargetDependency */,
			);
			fileSystemSynchronizedGroups = (
				15ECC2BB2DFD52E3002F9766 /* StockAppUITests */,
			);
			name = StockAppUITests;
			packageProductDependencies = (
			);
			productName = StockAppUITests;
			productReference = 15ECC2B82DFD52E3002F9766 /* StockAppUITests.xctest */;
			productType = "com.apple.product-type.bundle.ui-testing";
		};
/* End PBXNativeTarget section */

/* Begin PBXProject section */
		15ECC2992DFD52E1002F9766 /* Project object */ = {
			isa = PBXProject;
			attributes = {
				BuildIndependentTargetsInParallel = 1;
				LastSwiftUpdateCheck = 1640;
				LastUpgradeCheck = 1640;
				TargetAttributes = {
					15ECC2A02DFD52E1002F9766 = {
						CreatedOnToolsVersion = 16.4;
					};
					15ECC2AD2DFD52E3002F9766 = {
						CreatedOnToolsVersion = 16.4;
						TestTargetID = 15ECC2A02DFD52E1002F9766;
					};
					15ECC2B72DFD52E3002F9766 = {
						CreatedOnToolsVersion = 16.4;
						TestTargetID = 15ECC2A02DFD52E1002F9766;
					};
				};
			};
			buildConfigurationList = 15ECC29C2DFD52E1002F9766 /* Build configuration list for PBXProject "StockApp" */;
			developmentRegion = en;
			hasScannedForEncodings = 0;
			knownRegions = (
				en,
				Base,
			);
			mainGroup = 15ECC2982DFD52E1002F9766;
			minimizedProjectReferenceProxies = 1;
			packageReferences = (
				159426C12E070E07001CB8A6 /* XCLocalSwiftPackageReference "../iOSApp" */,
			);
			preferredProjectObjectVersion = 77;
			productRefGroup = 15ECC2A22DFD52E1002F9766 /* Products */;
			projectDirPath = "";
			projectRoot = "";
			targets = (
				15ECC2A02DFD52E1002F9766 /* StockApp */,
				15ECC2AD2DFD52E3002F9766 /* StockAppTests */,
				15ECC2B72DFD52E3002F9766 /* StockAppUITests */,
			);
		};
/* End PBXProject section */

/* Begin PBXResourcesBuildPhase section */
		15ECC29F2DFD52E1002F9766 /* Resources */ = {
			isa = PBXResourcesBuildPhase;
			buildActionMask = 2147483647;
			files = (
			);
			runOnlyForDeploymentPostprocessing = 0;
		};
		15ECC2AC2DFD52E3002F9766 /* Resources */ = {
			isa = PBXResourcesBuildPhase;
			buildActionMask = 2147483647;
			files = (
			);
			runOnlyForDeploymentPostprocessing = 0;
		};
		15ECC2B62DFD52E3002F9766 /* Resources */ = {
			isa = PBXResourcesBuildPhase;
			buildActionMask = 2147483647;
			files = (
			);
			runOnlyForDeploymentPostprocessing = 0;
		};
/* End PBXResourcesBuildPhase section */

/* Begin PBXSourcesBuildPhase section */
		15ECC29D2DFD52E1002F9766 /* Sources */ = {
			isa = PBXSourcesBuildPhase;
			buildActionMask = 2147483647;
			files = (
			);
			runOnlyForDeploymentPostprocessing = 0;
		};
		15ECC2AA2DFD52E3002F9766 /* Sources */ = {
			isa = PBXSourcesBuildPhase;
			buildActionMask = 2147483647;
			files = (
			);
			runOnlyForDeploymentPostprocessing = 0;
		};
		15ECC2B42DFD52E3002F9766 /* Sources */ = {
			isa = PBXSourcesBuildPhase;
			buildActionMask = 2147483647;
			files = (
			);
			runOnlyForDeploymentPostprocessing = 0;
		};
/* End PBXSourcesBuildPhase section */

/* Begin PBXTargetDependency section */
		15ECC2B02DFD52E3002F9766 /* PBXTargetDependency */ = {
			isa = PBXTargetDependency;
			target = 15ECC2A02DFD52E1002F9766 /* StockApp */;
			targetProxy = 15ECC2AF2DFD52E3002F9766 /* PBXContainerItemProxy */;
		};
		15ECC2BA2DFD52E3002F9766 /* PBXTargetDependency */ = {
			isa = PBXTargetDependency;
			target = 15ECC2A02DFD52E1002F9766 /* StockApp */;
			targetProxy = 15ECC2B92DFD52E3002F9766 /* PBXContainerItemProxy */;
		};
/* End PBXTargetDependency section */

/* Begin XCBuildConfiguration section */
		15ECC2C02DFD52E3002F9766 /* Debug */ = {
			isa = XCBuildConfiguration;
			buildSettings = {
				ALWAYS_SEARCH_USER_PATHS = NO;
				ASSETCATALOG_COMPILER_GENERATE_SWIFT_ASSET_SYMBOL_EXTENSIONS = YES;
				CLANG_ANALYZER_NONNULL = YES;
				CLANG_ANALYZER_NUMBER_OBJECT_CONVERSION = YES_AGGRESSIVE;
				CLANG_CXX_LANGUAGE_STANDARD = "gnu++20";
				CLANG_ENABLE_MODULES = YES;
				CLANG_ENABLE_OBJC_ARC = YES;
				CLANG_ENABLE_OBJC_WEAK = YES;
				CLANG_WARN_BLOCK_CAPTURE_AUTORELEASING = YES;
				CLANG_WARN_BOOL_CONVERSION = YES;
				CLANG_WARN_COMMA = YES;
				CLANG_WARN_CONSTANT_CONVERSION = YES;
				CLANG_WARN_DEPRECATED_OBJC_IMPLEMENTATIONS = YES;
				CLANG_WARN_DIRECT_OBJC_ISA_USAGE = YES_ERROR;
				CLANG_WARN_DOCUMENTATION_COMMENTS = YES;
				CLANG_WARN_EMPTY_BODY = YES;
				CLANG_WARN_ENUM_CONVERSION = YES;
				CLANG_WARN_INFINITE_RECURSION = YES;
				CLANG_WARN_INT_CONVERSION = YES;
				CLANG_WARN_NON_LITERAL_NULL_CONVERSION = YES;
				CLANG_WARN_OBJC_IMPLICIT_RETAIN_SELF = YES;
				CLANG_WARN_OBJC_LITERAL_CONVERSION = YES;
				CLANG_WARN_OBJC_ROOT_CLASS = YES_ERROR;
				CLANG_WARN_QUOTED_INCLUDE_IN_FRAMEWORK_HEADER = YES;
				CLANG_WARN_RANGE_LOOP_ANALYSIS = YES;
				CLANG_WARN_STRICT_PROTOTYPES = YES;
				CLANG_WARN_SUSPICIOUS_MOVE = YES;
				CLANG_WARN_UNGUARDED_AVAILABILITY = YES_AGGRESSIVE;
				CLANG_WARN_UNREACHABLE_CODE = YES;
				CLANG_WARN__DUPLICATE_METHOD_MATCH = YES;
				COPY_PHASE_STRIP = NO;
				DEBUG_INFORMATION_FORMAT = dwarf;
				ENABLE_STRICT_OBJC_MSGSEND = YES;
				ENABLE_TESTABILITY = YES;
				ENABLE_USER_SCRIPT_SANDBOXING = YES;
				GCC_C_LANGUAGE_STANDARD = gnu17;
				GCC_DYNAMIC_NO_PIC = NO;
				GCC_NO_COMMON_BLOCKS = YES;
				GCC_OPTIMIZATION_LEVEL = 0;
				GCC_PREPROCESSOR_DEFINITIONS = (
					"DEBUG=1",
					"$(inherited)",
				);
				GCC_WARN_64_TO_32_BIT_CONVERSION = YES;
				GCC_WARN_ABOUT_RETURN_TYPE = YES_ERROR;
				GCC_WARN_UNDECLARED_SELECTOR = YES;
				GCC_WARN_UNINITIALIZED_AUTOS = YES_AGGRESSIVE;
				GCC_WARN_UNUSED_FUNCTION = YES;
				GCC_WARN_UNUSED_VARIABLE = YES;
				IPHONEOS_DEPLOYMENT_TARGET = 18.5;
				LOCALIZATION_PREFERS_STRING_CATALOGS = YES;
				MTL_ENABLE_DEBUG_INFO = INCLUDE_SOURCE;
				MTL_FAST_MATH = YES;
				ONLY_ACTIVE_ARCH = YES;
				SDKROOT = iphoneos;
				SWIFT_ACTIVE_COMPILATION_CONDITIONS = "DEBUG $(inherited)";
				SWIFT_OPTIMIZATION_LEVEL = "-Onone";
			};
			name = Debug;
		};
		15ECC2C12DFD52E3002F9766 /* Release */ = {
			isa = XCBuildConfiguration;
			buildSettings = {
				ALWAYS_SEARCH_USER_PATHS = NO;
				ASSETCATALOG_COMPILER_GENERATE_SWIFT_ASSET_SYMBOL_EXTENSIONS = YES;
				CLANG_ANALYZER_NONNULL = YES;
				CLANG_ANALYZER_NUMBER_OBJECT_CONVERSION = YES_AGGRESSIVE;
				CLANG_CXX_LANGUAGE_STANDARD = "gnu++20";
				CLANG_ENABLE_MODULES = YES;
				CLANG_ENABLE_OBJC_ARC = YES;
				CLANG_ENABLE_OBJC_WEAK = YES;
				CLANG_WARN_BLOCK_CAPTURE_AUTORELEASING = YES;
				CLANG_WARN_BOOL_CONVERSION = YES;
				CLANG_WARN_COMMA = YES;
				CLANG_WARN_CONSTANT_CONVERSION = YES;
				CLANG_WARN_DEPRECATED_OBJC_IMPLEMENTATIONS = YES;
				CLANG_WARN_DIRECT_OBJC_ISA_USAGE = YES_ERROR;
				CLANG_WARN_DOCUMENTATION_COMMENTS = YES;
				CLANG_WARN_EMPTY_BODY = YES;
				CLANG_WARN_ENUM_CONVERSION = YES;
				CLANG_WARN_INFINITE_RECURSION = YES;
				CLANG_WARN_INT_CONVERSION = YES;
				CLANG_WARN_NON_LITERAL_NULL_CONVERSION = YES;
				CLANG_WARN_OBJC_IMPLICIT_RETAIN_SELF = YES;
				CLANG_WARN_OBJC_LITERAL_CONVERSION = YES;
				CLANG_WARN_OBJC_ROOT_CLASS = YES_ERROR;
				CLANG_WARN_QUOTED_INCLUDE_IN_FRAMEWORK_HEADER = YES;
				CLANG_WARN_RANGE_LOOP_ANALYSIS = YES;
				CLANG_WARN_STRICT_PROTOTYPES = YES;
				CLANG_WARN_SUSPICIOUS_MOVE = YES;
				CLANG_WARN_UNGUARDED_AVAILABILITY = YES_AGGRESSIVE;
				CLANG_WARN_UNREACHABLE_CODE = YES;
				CLANG_WARN__DUPLICATE_METHOD_MATCH = YES;
				COPY_PHASE_STRIP = NO;
				DEBUG_INFORMATION_FORMAT = "dwarf-with-dsym";
				ENABLE_NS_ASSERTIONS = NO;
				ENABLE_STRICT_OBJC_MSGSEND = YES;
				ENABLE_USER_SCRIPT_SANDBOXING = YES;
				GCC_C_LANGUAGE_STANDARD = gnu17;
				GCC_NO_COMMON_BLOCKS = YES;
				GCC_WARN_64_TO_32_BIT_CONVERSION = YES;
				GCC_WARN_ABOUT_RETURN_TYPE = YES_ERROR;
				GCC_WARN_UNDECLARED_SELECTOR = YES;
				GCC_WARN_UNINITIALIZED_AUTOS = YES_AGGRESSIVE;
				GCC_WARN_UNUSED_FUNCTION = YES;
				GCC_WARN_UNUSED_VARIABLE = YES;
				IPHONEOS_DEPLOYMENT_TARGET = 18.5;
				LOCALIZATION_PREFERS_STRING_CATALOGS = YES;
				MTL_ENABLE_DEBUG_INFO = NO;
				MTL_FAST_MATH = YES;
				SDKROOT = iphoneos;
				SWIFT_COMPILATION_MODE = wholemodule;
				VALIDATE_PRODUCT = YES;
			};
			name = Release;
		};
		15ECC2C32DFD52E3002F9766 /* Debug */ = {
			isa = XCBuildConfiguration;
			buildSettings = {
				ASSETCATALOG_COMPILER_APPICON_NAME = AppIcon;
				ASSETCATALOG_COMPILER_GLOBAL_ACCENT_COLOR_NAME = AccentColor;
				CODE_SIGN_STYLE = Automatic;
				CURRENT_PROJECT_VERSION = 1;
				DEVELOPMENT_TEAM = 5DYGT685B5;
				ENABLE_PREVIEWS = YES;
				GENERATE_INFOPLIST_FILE = YES;
				INFOPLIST_FILE = StockApp/Info.plist;
				INFOPLIST_KEY_UIApplicationSceneManifest_Generation = YES;
				INFOPLIST_KEY_UIApplicationSupportsIndirectInputEvents = YES;
				INFOPLIST_KEY_UILaunchScreen_Generation = YES;
				INFOPLIST_KEY_UISupportedInterfaceOrientations_iPad = "UIInterfaceOrientationPortrait UIInterfaceOrientationPortraitUpsideDown UIInterfaceOrientationLandscapeLeft UIInterfaceOrientationLandscapeRight";
				INFOPLIST_KEY_UISupportedInterfaceOrientations_iPhone = "UIInterfaceOrientationPortrait UIInterfaceOrientationLandscapeLeft UIInterfaceOrientationLandscapeRight";
				LD_RUNPATH_SEARCH_PATHS = (
					"$(inherited)",
					"@executable_path/Frameworks",
				);
				MARKETING_VERSION = 1.0;
				PRODUCT_BUNDLE_IDENTIFIER = org.tony.SentimentInsideOut;
				PRODUCT_NAME = "$(TARGET_NAME)";
				SWIFT_EMIT_LOC_STRINGS = YES;
				SWIFT_VERSION = 5.0;
				TARGETED_DEVICE_FAMILY = "1,2";
			};
			name = Debug;
		};
		15ECC2C42DFD52E3002F9766 /* Release */ = {
			isa = XCBuildConfiguration;
			buildSettings = {
				ASSETCATALOG_COMPILER_APPICON_NAME = AppIcon;
				ASSETCATALOG_COMPILER_GLOBAL_ACCENT_COLOR_NAME = AccentColor;
				CODE_SIGN_STYLE = Automatic;
				CURRENT_PROJECT_VERSION = 1;
				DEVELOPMENT_TEAM = 5DYGT685B5;
				ENABLE_PREVIEWS = YES;
				GENERATE_INFOPLIST_FILE = YES;
				INFOPLIST_FILE = StockApp/Info.plist;
				INFOPLIST_KEY_UIApplicationSceneManifest_Generation = YES;
				INFOPLIST_KEY_UIApplicationSupportsIndirectInputEvents = YES;
				INFOPLIST_KEY_UILaunchScreen_Generation = YES;
				INFOPLIST_KEY_UISupportedInterfaceOrientations_iPad = "UIInterfaceOrientationPortrait UIInterfaceOrientationPortraitUpsideDown UIInterfaceOrientationLandscapeLeft UIInterfaceOrientationLandscapeRight";
				INFOPLIST_KEY_UISupportedInterfaceOrientations_iPhone = "UIInterfaceOrientationPortrait UIInterfaceOrientationLandscapeLeft UIInterfaceOrientationLandscapeRight";
				LD_RUNPATH_SEARCH_PATHS = (
					"$(inherited)",
					"@executable_path/Frameworks",
				);
				MARKETING_VERSION = 1.0;
				PRODUCT_BUNDLE_IDENTIFIER = org.tony.SentimentInsideOut;
				PRODUCT_NAME = "$(TARGET_NAME)";
				SWIFT_EMIT_LOC_STRINGS = YES;
				SWIFT_VERSION = 5.0;
				TARGETED_DEVICE_FAMILY = "1,2";
			};
			name = Release;
		};
		15ECC2C62DFD52E3002F9766 /* Debug */ = {
			isa = XCBuildConfiguration;
			buildSettings = {
				BUNDLE_LOADER = "$(TEST_HOST)";
				CODE_SIGN_STYLE = Automatic;
				CURRENT_PROJECT_VERSION = 1;
				GENERATE_INFOPLIST_FILE = YES;
				IPHONEOS_DEPLOYMENT_TARGET = 18.5;
				MARKETING_VERSION = 1.0;
				PRODUCT_BUNDLE_IDENTIFIER = tony.StockAppTests;
				PRODUCT_NAME = "$(TARGET_NAME)";
				SWIFT_EMIT_LOC_STRINGS = NO;
				SWIFT_VERSION = 5.0;
				TARGETED_DEVICE_FAMILY = "1,2";
				TEST_HOST = "$(BUILT_PRODUCTS_DIR)/StockApp.app/$(BUNDLE_EXECUTABLE_FOLDER_PATH)/StockApp";
			};
			name = Debug;
		};
		15ECC2C72DFD52E3002F9766 /* Release */ = {
			isa = XCBuildConfiguration;
			buildSettings = {
				BUNDLE_LOADER = "$(TEST_HOST)";
				CODE_SIGN_STYLE = Automatic;
				CURRENT_PROJECT_VERSION = 1;
				GENERATE_INFOPLIST_FILE = YES;
				IPHONEOS_DEPLOYMENT_TARGET = 18.5;
				MARKETING_VERSION = 1.0;
				PRODUCT_BUNDLE_IDENTIFIER = tony.StockAppTests;
				PRODUCT_NAME = "$(TARGET_NAME)";
				SWIFT_EMIT_LOC_STRINGS = NO;
				SWIFT_VERSION = 5.0;
				TARGETED_DEVICE_FAMILY = "1,2";
				TEST_HOST = "$(BUILT_PRODUCTS_DIR)/StockApp.app/$(BUNDLE_EXECUTABLE_FOLDER_PATH)/StockApp";
			};
			name = Release;
		};
		15ECC2C92DFD52E3002F9766 /* Debug */ = {
			isa = XCBuildConfiguration;
			buildSettings = {
				CODE_SIGN_STYLE = Automatic;
				CURRENT_PROJECT_VERSION = 1;
				GENERATE_INFOPLIST_FILE = YES;
				MARKETING_VERSION = 1.0;
				PRODUCT_BUNDLE_IDENTIFIER = tony.StockAppUITests;
				PRODUCT_NAME = "$(TARGET_NAME)";
				SWIFT_EMIT_LOC_STRINGS = NO;
				SWIFT_VERSION = 5.0;
				TARGETED_DEVICE_FAMILY = "1,2";
				TEST_TARGET_NAME = StockApp;
			};
			name = Debug;
		};
		15ECC2CA2DFD52E3002F9766 /* Release */ = {
			isa = XCBuildConfiguration;
			buildSettings = {
				CODE_SIGN_STYLE = Automatic;
				CURRENT_PROJECT_VERSION = 1;
				GENERATE_INFOPLIST_FILE = YES;
				MARKETING_VERSION = 1.0;
				PRODUCT_BUNDLE_IDENTIFIER = tony.StockAppUITests;
				PRODUCT_NAME = "$(TARGET_NAME)";
				SWIFT_EMIT_LOC_STRINGS = NO;
				SWIFT_VERSION = 5.0;
				TARGETED_DEVICE_FAMILY = "1,2";
				TEST_TARGET_NAME = StockApp;
			};
			name = Release;
		};
/* End XCBuildConfiguration section */

/* Begin XCConfigurationList section */
		15ECC29C2DFD52E1002F9766 /* Build configuration list for PBXProject "StockApp" */ = {
			isa = XCConfigurationList;
			buildConfigurations = (
				15ECC2C02DFD52E3002F9766 /* Debug */,
				15ECC2C12DFD52E3002F9766 /* Release */,
			);
			defaultConfigurationIsVisible = 0;
			defaultConfigurationName = Release;
		};
		15ECC2C22DFD52E3002F9766 /* Build configuration list for PBXNativeTarget "StockApp" */ = {
			isa = XCConfigurationList;
			buildConfigurations = (
				15ECC2C32DFD52E3002F9766 /* Debug */,
				15ECC2C42DFD52E3002F9766 /* Release */,
			);
			defaultConfigurationIsVisible = 0;
			defaultConfigurationName = Release;
		};
		15ECC2C52DFD52E3002F9766 /* Build configuration list for PBXNativeTarget "StockAppTests" */ = {
			isa = XCConfigurationList;
			buildConfigurations = (
				15ECC2C62DFD52E3002F9766 /* Debug */,
				15ECC2C72DFD52E3002F9766 /* Release */,
			);
			defaultConfigurationIsVisible = 0;
			defaultConfigurationName = Release;
		};
		15ECC2C82DFD52E3002F9766 /* Build configuration list for PBXNativeTarget "StockAppUITests" */ = {
			isa = XCConfigurationList;
			buildConfigurations = (
				15ECC2C92DFD52E3002F9766 /* Debug */,
				15ECC2CA2DFD52E3002F9766 /* Release */,
			);
			defaultConfigurationIsVisible = 0;
			defaultConfigurationName = Release;
		};
/* End XCConfigurationList section */

/* Begin XCLocalSwiftPackageReference section */
		159426C12E070E07001CB8A6 /* XCLocalSwiftPackageReference "../iOSApp" */ = {
			isa = XCLocalSwiftPackageReference;
			relativePath = ../iOSApp;
		};
/* End XCLocalSwiftPackageReference section */

/* Begin XCSwiftPackageProductDependency section */
		159426C22E070E07001CB8A6 /* iOSApp */ = {
			isa = XCSwiftPackageProductDependency;
			productName = iOSApp;
		};
/* End XCSwiftPackageProductDependency section */
	};
	rootObject = 15ECC2992DFD52E1002F9766 /* Project object */;
}
